
Microsoft Visual Studio Solution File, Format Version 12.00
# Visual Studio Version 17
VisualStudioVersion = 17.1.32328.378
MinimumVisualStudioVersion = 10.0.40219.1
Project("{9A19103F-16F7-4668-BE54-9A1E7A4F7556}") = "WebApplication1", "WebApplication1\WebApplication1.csproj", "{494C4CD6-E67E-4021-9B74-FA3CA0694664}"
EndProject
Project("{FAE04EC0-301F-11D3-BF4B-00C04F79EFBC}") = "WinFormsAppExcel", "WinFormsAppExcel\WinFormsAppExcel.csproj", "{B86C23A0-825B-43AF-BC71-ABDFFAD60174}"
EndProject
Global
	GlobalSection(SolutionConfigurationPlatforms) = preSolution
		Debug|Any CPU = Debug|Any CPU
		Release|Any CPU = Release|Any CPU
	EndGlobalSection
	GlobalSection(ProjectConfigurationPlatforms) = postSolution
		{494C4CD6-E67E-4021-9B74-FA3CA0694664}.Debug|Any CPU.ActiveCfg = Debug|Any CPU
		{494C4CD6-E67E-4021-9B74-FA3CA0694664}.Debug|Any CPU.Build.0 = Debug|Any CPU
		{494C4CD6-E67E-4021-9B74-FA3CA0694664}.Release|Any CPU.ActiveCfg = Release|Any CPU
		{494C4CD6-E67E-4021-9B74-FA3CA0694664}.Release|Any CPU.Build.0 = Release|Any CPU
		{B86C23A0-825B-43AF-BC71-ABDFFAD60174}.Debug|Any CPU.ActiveCfg = Debug|Any CPU
		{B86C23A0-825B-43AF-BC71-ABDFFAD60174}.Debug|Any CPU.Build.0 = Debug|Any CPU
		{B86C23A0-825B-43AF-BC71-ABDFFAD60174}.Release|Any CPU.ActiveCfg = Release|Any CPU
		{B86C23A0-825B-43AF-BC71-ABDFFAD60174}.Release|Any CPU.Build.0 = Release|Any CPU
	EndGlobalSection
	GlobalSection(SolutionProperties) = preSolution
		HideSolutionNode = FALSE
	EndGlobalSection
	GlobalSection(ExtensibilityGlobals) = postSolution
		SolutionGuid = {A66F2E38-2393-434C-8C55-8614106EA03B}
	EndGlobalSection
EndGlobal
